
Microsoft Visual Studio Solution File, Format Version 12.00
# Visual Studio Version 17
VisualStudioVersion = 17.9.34622.214
MinimumVisualStudioVersion = 10.0.40219.1
Project("{9A19103F-16F7-4668-BE54-9A1E7A4F7556}") = "Demo", "ConsoleApp1\Demo.csproj", "{88557A31-5138-454F-90FB-C67CBBA85196}"
EndProject
Project("{9A19103F-16F7-4668-BE54-9A1E7A4F7556}") = "DemoClassLibrary", "DemoClassLibrary\DemoClassLibrary.csproj", "{F39E2095-E174-46BC-8385-181AD4830D04}"
EndProject
Project("{FAE04EC0-301F-11D3-BF4B-00C04F79EFBC}") = "Assignment", "Assignment\Assignment.csproj", "{CCB5452F-36BA-43B9-947B-D29185224E3F}"
EndProject
Global
	GlobalSection(SolutionConfigurationPlatforms) = preSolution
		Debug|Any CPU = Debug|Any CPU
		Release|Any CPU = Release|Any CPU
	EndGlobalSection
	GlobalSection(ProjectConfigurationPlatforms) = postSolution
		{88557A31-5138-454F-90FB-C67CBBA85196}.Debug|Any CPU.ActiveCfg = Debug|Any CPU
		{88557A31-5138-454F-90FB-C67CBBA85196}.Debug|Any CPU.Build.0 = Debug|Any CPU
		{88557A31-5138-454F-90FB-C67CBBA85196}.Release|Any CPU.ActiveCfg = Release|Any CPU
		{88557A31-5138-454F-90FB-C67CBBA85196}.Release|Any CPU.Build.0 = Release|Any CPU
		{F39E2095-E174-46BC-8385-181AD4830D04}.Debug|Any CPU.ActiveCfg = Debug|Any CPU
		{F39E2095-E174-46BC-8385-181AD4830D04}.Debug|Any CPU.Build.0 = Debug|Any CPU
		{F39E2095-E174-46BC-8385-181AD4830D04}.Release|Any CPU.ActiveCfg = Release|Any CPU
		{F39E2095-E174-46BC-8385-181AD4830D04}.Release|Any CPU.Build.0 = Release|Any CPU
		{CCB5452F-36BA-43B9-947B-D29185224E3F}.Debug|Any CPU.ActiveCfg = Debug|Any CPU
		{CCB5452F-36BA-43B9-947B-D29185224E3F}.Debug|Any CPU.Build.0 = Debug|Any CPU
		{CCB5452F-36BA-43B9-947B-D29185224E3F}.Release|Any CPU.ActiveCfg = Release|Any CPU
		{CCB5452F-36BA-43B9-947B-D29185224E3F}.Release|Any CPU.Build.0 = Release|Any CPU
	EndGlobalSection
	GlobalSection(SolutionProperties) = preSolution
		HideSolutionNode = FALSE
	EndGlobalSection
	GlobalSection(ExtensibilityGlobals) = postSolution
		SolutionGuid = {53003269-5B31-4336-AE08-45BDCC3BEE72}
	EndGlobalSection
EndGlobal
